
Microsoft Visual Studio Solution File, Format Version 12.00
# Visual Studio Version 17
VisualStudioVersion = 17.11.35327.3
MinimumVisualStudioVersion = 10.0.40219.1
Project("{2150E333-8FDC-42A3-9474-1A3956D46DE8}") = "Bootstrapper", "Bootstrapper", "{32F0C002-C9AA-4C01-B6ED-4354214672F4}"
EndProject
Project("{2150E333-8FDC-42A3-9474-1A3956D46DE8}") = "Modules", "Modules", "{9DB580DB-5F76-4571-BDA1-ACCF2C3C1E3F}"
EndProject
Project("{2150E333-8FDC-42A3-9474-1A3956D46DE8}") = "Shared", "Shared", "{C0F90DD1-64C6-4356-AE97-615A7426BCA0}"
EndProject
Project("{9A19103F-16F7-4668-BE54-9A1E7A4F7556}") = "Shared", "Shared\Shared\Shared.csproj", "{7D03DCDA-017B-4C32-AB02-2768C6C1B5C5}"
EndProject
Project("{9A19103F-16F7-4668-BE54-9A1E7A4F7556}") = "Catalog", "Modules\Catalog\Catalog.csproj", "{034E9AFC-DEE6-463D-9575-964CAE985D4F}"
EndProject
Project("{9A19103F-16F7-4668-BE54-9A1E7A4F7556}") = "Ordering", "modules\Ordering\Ordering.csproj", "{9BFB5C20-83DE-4F6A-A797-CDE5223D6EAB}"
EndProject
Project("{9A19103F-16F7-4668-BE54-9A1E7A4F7556}") = "Basket", "modules\Basket\Basket.csproj", "{A9DA6C72-7C77-47E4-8F7F-FC0B09493CB3}"
EndProject
Project("{9A19103F-16F7-4668-BE54-9A1E7A4F7556}") = "Api", "Bootstrapper\Api\Api.csproj", "{88FAC97C-501A-43DD-B9E6-42B125F845C1}"
EndProject
Project("{FAE04EC0-301F-11D3-BF4B-00C04F79EFBC}") = "Shared.Contracts", "Shared\Shared.Contracts\Shared.Contracts.csproj", "{B5187D93-5F5A-4487-B57A-CD486BE79881}"
EndProject
Project("{FAE04EC0-301F-11D3-BF4B-00C04F79EFBC}") = "Catalog.Contracts", "Modules\Catalog.Contracts\Catalog.Contracts.csproj", "{F11C1AAE-C602-497D-BF0C-47DB8CE3F4CB}"
EndProject
Project("{2150E333-8FDC-42A3-9474-1A3956D46DE8}") = "Basket", "Basket", "{02EA681E-C7D8-13C7-8484-4AC65E1B71E8}"
EndProject
Project("{2150E333-8FDC-42A3-9474-1A3956D46DE8}") = "Catalog", "Catalog", "{D2CA7F56-017E-4BAA-8B22-237C65423224}"
EndProject
Project("{2150E333-8FDC-42A3-9474-1A3956D46DE8}") = "Ordering", "Ordering", "{2177D8D1-6E09-45E2-A9A0-697593A54BB8}"
EndProject
Global
	GlobalSection(SolutionConfigurationPlatforms) = preSolution
		Debug|Any CPU = Debug|Any CPU
		Release|Any CPU = Release|Any CPU
	EndGlobalSection
	GlobalSection(ProjectConfigurationPlatforms) = postSolution
		{7D03DCDA-017B-4C32-AB02-2768C6C1B5C5}.Debug|Any CPU.ActiveCfg = Debug|Any CPU
		{7D03DCDA-017B-4C32-AB02-2768C6C1B5C5}.Debug|Any CPU.Build.0 = Debug|Any CPU
		{7D03DCDA-017B-4C32-AB02-2768C6C1B5C5}.Release|Any CPU.ActiveCfg = Release|Any CPU
		{7D03DCDA-017B-4C32-AB02-2768C6C1B5C5}.Release|Any CPU.Build.0 = Release|Any CPU
		{034E9AFC-DEE6-463D-9575-964CAE985D4F}.Debug|Any CPU.ActiveCfg = Debug|Any CPU
		{034E9AFC-DEE6-463D-9575-964CAE985D4F}.Debug|Any CPU.Build.0 = Debug|Any CPU
		{034E9AFC-DEE6-463D-9575-964CAE985D4F}.Release|Any CPU.ActiveCfg = Release|Any CPU
		{034E9AFC-DEE6-463D-9575-964CAE985D4F}.Release|Any CPU.Build.0 = Release|Any CPU
		{9BFB5C20-83DE-4F6A-A797-CDE5223D6EAB}.Debug|Any CPU.ActiveCfg = Debug|Any CPU
		{9BFB5C20-83DE-4F6A-A797-CDE5223D6EAB}.Debug|Any CPU.Build.0 = Debug|Any CPU
		{9BFB5C20-83DE-4F6A-A797-CDE5223D6EAB}.Release|Any CPU.ActiveCfg = Release|Any CPU
		{9BFB5C20-83DE-4F6A-A797-CDE5223D6EAB}.Release|Any CPU.Build.0 = Release|Any CPU
		{A9DA6C72-7C77-47E4-8F7F-FC0B09493CB3}.Debug|Any CPU.ActiveCfg = Debug|Any CPU
		{A9DA6C72-7C77-47E4-8F7F-FC0B09493CB3}.Debug|Any CPU.Build.0 = Debug|Any CPU
		{A9DA6C72-7C77-47E4-8F7F-FC0B09493CB3}.Release|Any CPU.ActiveCfg = Release|Any CPU
		{A9DA6C72-7C77-47E4-8F7F-FC0B09493CB3}.Release|Any CPU.Build.0 = Release|Any CPU
		{88FAC97C-501A-43DD-B9E6-42B125F845C1}.Debug|Any CPU.ActiveCfg = Debug|Any CPU
		{88FAC97C-501A-43DD-B9E6-42B125F845C1}.Debug|Any CPU.Build.0 = Debug|Any CPU
		{88FAC97C-501A-43DD-B9E6-42B125F845C1}.Release|Any CPU.ActiveCfg = Release|Any CPU
		{88FAC97C-501A-43DD-B9E6-42B125F845C1}.Release|Any CPU.Build.0 = Release|Any CPU
		{B5187D93-5F5A-4487-B57A-CD486BE79881}.Debug|Any CPU.ActiveCfg = Debug|Any CPU
		{B5187D93-5F5A-4487-B57A-CD486BE79881}.Debug|Any CPU.Build.0 = Debug|Any CPU
		{B5187D93-5F5A-4487-B57A-CD486BE79881}.Release|Any CPU.ActiveCfg = Release|Any CPU
		{B5187D93-5F5A-4487-B57A-CD486BE79881}.Release|Any CPU.Build.0 = Release|Any CPU
		{F11C1AAE-C602-497D-BF0C-47DB8CE3F4CB}.Debug|Any CPU.ActiveCfg = Debug|Any CPU
		{F11C1AAE-C602-497D-BF0C-47DB8CE3F4CB}.Debug|Any CPU.Build.0 = Debug|Any CPU
		{F11C1AAE-C602-497D-BF0C-47DB8CE3F4CB}.Release|Any CPU.ActiveCfg = Release|Any CPU
		{F11C1AAE-C602-497D-BF0C-47DB8CE3F4CB}.Release|Any CPU.Build.0 = Release|Any CPU
	EndGlobalSection
	GlobalSection(SolutionProperties) = preSolution
		HideSolutionNode = FALSE
	EndGlobalSection
	GlobalSection(NestedProjects) = preSolution
		{7D03DCDA-017B-4C32-AB02-2768C6C1B5C5} = {C0F90DD1-64C6-4356-AE97-615A7426BCA0}
		{034E9AFC-DEE6-463D-9575-964CAE985D4F} = {D2CA7F56-017E-4BAA-8B22-237C65423224}
		{9BFB5C20-83DE-4F6A-A797-CDE5223D6EAB} = {2177D8D1-6E09-45E2-A9A0-697593A54BB8}
		{A9DA6C72-7C77-47E4-8F7F-FC0B09493CB3} = {02EA681E-C7D8-13C7-8484-4AC65E1B71E8}
		{88FAC97C-501A-43DD-B9E6-42B125F845C1} = {32F0C002-C9AA-4C01-B6ED-4354214672F4}
		{B5187D93-5F5A-4487-B57A-CD486BE79881} = {C0F90DD1-64C6-4356-AE97-615A7426BCA0}
		{F11C1AAE-C602-497D-BF0C-47DB8CE3F4CB} = {D2CA7F56-017E-4BAA-8B22-237C65423224}
		{02EA681E-C7D8-13C7-8484-4AC65E1B71E8} = {9DB580DB-5F76-4571-BDA1-ACCF2C3C1E3F}
		{D2CA7F56-017E-4BAA-8B22-237C65423224} = {9DB580DB-5F76-4571-BDA1-ACCF2C3C1E3F}
		{2177D8D1-6E09-45E2-A9A0-697593A54BB8} = {9DB580DB-5F76-4571-BDA1-ACCF2C3C1E3F}
	EndGlobalSection
	GlobalSection(ExtensibilityGlobals) = postSolution
		SolutionGuid = {ABC50634-EE74-4C24-9A64-E03D125584EF}
	EndGlobalSection
EndGlobal
